
Microsoft Visual Studio Solution File, Format Version 12.00
# Visual Studio Version 16
VisualStudioVersion = 16.0.30002.166
MinimumVisualStudioVersion = 10.0.40219.1
Project("{FAE04EC0-301F-11D3-BF4B-00C04F79EFBC}") = "E_Shop.WepApp", "E_Shop.WepApp\E_Shop.WepApp.csproj", "{B17C17D2-3309-47B6-BE44-541E85B5A61B}"
EndProject
Project("{2150E333-8FDC-42A3-9474-1A3956D46DE8}") = "Solution Items", "Solution Items", "{EEA05637-E011-4E63-86AD-07D32BC5E633}"
	ProjectSection(SolutionItems) = preProject
		README.md = README.md
	EndProjectSection
EndProject
Project("{FAE04EC0-301F-11D3-BF4B-00C04F79EFBC}") = "E_Shop.Data", "E_Shop.Data\E_Shop.Data.csproj", "{2BE49086-707E-4FB9-B10C-D9B050E0618B}"
EndProject
Project("{FAE04EC0-301F-11D3-BF4B-00C04F79EFBC}") = "E_Shop.Application", "E_Shop.Application\E_Shop.Application.csproj", "{6BF16A75-FF4E-429A-8C37-98C1D6F6C5FD}"
EndProject
Global
	GlobalSection(SolutionConfigurationPlatforms) = preSolution
		Debug|Any CPU = Debug|Any CPU
		Release|Any CPU = Release|Any CPU
	EndGlobalSection
	GlobalSection(ProjectConfigurationPlatforms) = postSolution
		{B17C17D2-3309-47B6-BE44-541E85B5A61B}.Debug|Any CPU.ActiveCfg = Debug|Any CPU
		{B17C17D2-3309-47B6-BE44-541E85B5A61B}.Debug|Any CPU.Build.0 = Debug|Any CPU
		{B17C17D2-3309-47B6-BE44-541E85B5A61B}.Release|Any CPU.ActiveCfg = Release|Any CPU
		{B17C17D2-3309-47B6-BE44-541E85B5A61B}.Release|Any CPU.Build.0 = Release|Any CPU
		{2BE49086-707E-4FB9-B10C-D9B050E0618B}.Debug|Any CPU.ActiveCfg = Debug|Any CPU
		{2BE49086-707E-4FB9-B10C-D9B050E0618B}.Debug|Any CPU.Build.0 = Debug|Any CPU
		{2BE49086-707E-4FB9-B10C-D9B050E0618B}.Release|Any CPU.ActiveCfg = Release|Any CPU
		{2BE49086-707E-4FB9-B10C-D9B050E0618B}.Release|Any CPU.Build.0 = Release|Any CPU
		{6BF16A75-FF4E-429A-8C37-98C1D6F6C5FD}.Debug|Any CPU.ActiveCfg = Debug|Any CPU
		{6BF16A75-FF4E-429A-8C37-98C1D6F6C5FD}.Debug|Any CPU.Build.0 = Debug|Any CPU
		{6BF16A75-FF4E-429A-8C37-98C1D6F6C5FD}.Release|Any CPU.ActiveCfg = Release|Any CPU
		{6BF16A75-FF4E-429A-8C37-98C1D6F6C5FD}.Release|Any CPU.Build.0 = Release|Any CPU
	EndGlobalSection
	GlobalSection(SolutionProperties) = preSolution
		HideSolutionNode = FALSE
	EndGlobalSection
	GlobalSection(ExtensibilityGlobals) = postSolution
		SolutionGuid = {3078F7FE-656B-40DA-97DF-961D5E3B57C2}
	EndGlobalSection
EndGlobal
